
Microsoft Visual Studio Solution File, Format Version 12.00
# Visual Studio Version 17
VisualStudioVersion = 17.5.2.0
MinimumVisualStudioVersion = 10.0.40219.1
Project("{FAE04EC0-301F-11D3-BF4B-00C04F79EFBC}") = "XTimelineViewer", "XTimelineViewer.csproj", "{CADA32F0-B26D-7415-C036-E5B07B22512A}"
EndProject
Project("{FAE04EC0-301F-11D3-BF4B-00C04F79EFBC}") = "XTimelineViewer.Tests", "XTimelineViewer.Tests\XTimelineViewer.Tests.csproj", "{18A3C89C-91E4-46C8-B561-44ABDD7E5564}"
EndProject
Global
	GlobalSection(SolutionConfigurationPlatforms) = preSolution
		Debug|x64 = Debug|x64
		Debug|Any CPU = Debug|Any CPU
		Debug|x86 = Debug|x86
		Release|x64 = Release|x64
		Release|Any CPU = Release|Any CPU
		Release|x86 = Release|x86
	EndGlobalSection
	GlobalSection(ProjectConfigurationPlatforms) = postSolution
		{CADA32F0-B26D-7415-C036-E5B07B22512A}.Debug|x64.ActiveCfg = Debug|x64
		{CADA32F0-B26D-7415-C036-E5B07B22512A}.Debug|x64.Build.0 = Debug|x64
		{CADA32F0-B26D-7415-C036-E5B07B22512A}.Debug|Any CPU.ActiveCfg = Debug|Any CPU
		{CADA32F0-B26D-7415-C036-E5B07B22512A}.Debug|Any CPU.Build.0 = Debug|Any CPU
		{CADA32F0-B26D-7415-C036-E5B07B22512A}.Debug|x86.ActiveCfg = Debug|Any CPU
		{CADA32F0-B26D-7415-C036-E5B07B22512A}.Debug|x86.Build.0 = Debug|Any CPU
		{CADA32F0-B26D-7415-C036-E5B07B22512A}.Release|x64.ActiveCfg = Release|x64
		{CADA32F0-B26D-7415-C036-E5B07B22512A}.Release|x64.Build.0 = Release|x64
		{CADA32F0-B26D-7415-C036-E5B07B22512A}.Release|Any CPU.ActiveCfg = Release|Any CPU
		{CADA32F0-B26D-7415-C036-E5B07B22512A}.Release|Any CPU.Build.0 = Release|Any CPU
		{CADA32F0-B26D-7415-C036-E5B07B22512A}.Release|x86.ActiveCfg = Release|Any CPU
		{CADA32F0-B26D-7415-C036-E5B07B22512A}.Release|x86.Build.0 = Release|Any CPU
		{18A3C89C-91E4-46C8-B561-44ABDD7E5564}.Debug|x64.ActiveCfg = Debug|Any CPU
		{18A3C89C-91E4-46C8-B561-44ABDD7E5564}.Debug|x64.Build.0 = Debug|Any CPU
		{18A3C89C-91E4-46C8-B561-44ABDD7E5564}.Debug|Any CPU.ActiveCfg = Debug|Any CPU
		{18A3C89C-91E4-46C8-B561-44ABDD7E5564}.Debug|Any CPU.Build.0 = Debug|Any CPU
		{18A3C89C-91E4-46C8-B561-44ABDD7E5564}.Debug|x86.ActiveCfg = Debug|Any CPU
		{18A3C89C-91E4-46C8-B561-44ABDD7E5564}.Debug|x86.Build.0 = Debug|Any CPU
		{18A3C89C-91E4-46C8-B561-44ABDD7E5564}.Release|x64.ActiveCfg = Release|Any CPU
		{18A3C89C-91E4-46C8-B561-44ABDD7E5564}.Release|x64.Build.0 = Release|Any CPU
		{18A3C89C-91E4-46C8-B561-44ABDD7E5564}.Release|Any CPU.ActiveCfg = Release|Any CPU
		{18A3C89C-91E4-46C8-B561-44ABDD7E5564}.Release|Any CPU.Build.0 = Release|Any CPU
		{18A3C89C-91E4-46C8-B561-44ABDD7E5564}.Release|x86.ActiveCfg = Release|Any CPU
		{18A3C89C-91E4-46C8-B561-44ABDD7E5564}.Release|x86.Build.0 = Release|Any CPU
	EndGlobalSection
	GlobalSection(SolutionProperties) = preSolution
		HideSolutionNode = FALSE
	EndGlobalSection
	GlobalSection(ExtensibilityGlobals) = postSolution
		SolutionGuid = {82CF0E9B-0E46-4987-B45C-39E604EACB3B}
	EndGlobalSection
EndGlobal
